
Microsoft Visual Studio Solution File, Format Version 12.00
# Visual Studio Version 17
VisualStudioVersion = 17.7.34024.191
MinimumVisualStudioVersion = 10.0.40219.1
Project("{FAE04EC0-301F-11D3-BF4B-00C04F79EFBC}") = "RepositoryPattern", "RepositoryPattern\RepositoryPattern.csproj", "{8DB399B0-F2F5-4703-965B-DDFC5FC7A217}"
EndProject
Global
	GlobalSection(SolutionConfigurationPlatforms) = preSolution
		Debug|Any CPU = Debug|Any CPU
		Release|Any CPU = Release|Any CPU
	EndGlobalSection
	GlobalSection(ProjectConfigurationPlatforms) = postSolution
		{8DB399B0-F2F5-4703-965B-DDFC5FC7A217}.Debug|Any CPU.ActiveCfg = Debug|Any CPU
		{8DB399B0-F2F5-4703-965B-DDFC5FC7A217}.Debug|Any CPU.Build.0 = Debug|Any CPU
		{8DB399B0-F2F5-4703-965B-DDFC5FC7A217}.Release|Any CPU.ActiveCfg = Release|Any CPU
		{8DB399B0-F2F5-4703-965B-DDFC5FC7A217}.Release|Any CPU.Build.0 = Release|Any CPU
	EndGlobalSection
	GlobalSection(SolutionProperties) = preSolution
		HideSolutionNode = FALSE
	EndGlobalSection
	GlobalSection(ExtensibilityGlobals) = postSolution
		SolutionGuid = {154C9E38-FACD-4D09-BDA3-F5517DAD2A4C}
	EndGlobalSection
EndGlobal
